
Microsoft Visual Studio Solution File, Format Version 12.00
# Visual Studio 14
VisualStudioVersion = 14.0.25420.1
MinimumVisualStudioVersion = 10.0.40219.1
Project("{FAE04EC0-301F-11D3-BF4B-00C04F79EFBC}") = "TadarokDesktopToWeb", "TadarokDesktopToWeb.csproj", "{ABFD13DB-D3FC-4688-81F2-954881092159}"
EndProject
Global
	GlobalSection(SolutionConfigurationPlatforms) = preSolution
		Debug|Any CPU = Debug|Any CPU
		Release|Any CPU = Release|Any CPU
	EndGlobalSection
	GlobalSection(ProjectConfigurationPlatforms) = postSolution
		{ABFD13DB-D3FC-4688-81F2-954881092159}.Debug|Any CPU.ActiveCfg = Debug|Any CPU
		{ABFD13DB-D3FC-4688-81F2-954881092159}.Debug|Any CPU.Build.0 = Debug|Any CPU
		{ABFD13DB-D3FC-4688-81F2-954881092159}.Release|Any CPU.ActiveCfg = Release|Any CPU
		{ABFD13DB-D3FC-4688-81F2-954881092159}.Release|Any CPU.Build.0 = Release|Any CPU
	EndGlobalSection
	GlobalSection(SolutionProperties) = preSolution
		HideSolutionNode = FALSE
	EndGlobalSection
EndGlobal
